
Microsoft Visual Studio Solution File, Format Version 12.00
# Visual Studio 15
VisualStudioVersion = 15.0.28307.572
MinimumVisualStudioVersion = 10.0.40219.1
Project("{FAE04EC0-301F-11D3-BF4B-00C04F79EFBC}") = "SingleResponsibility", "DesignPatterns\SingleResponsibility.csproj", "{A4BEF7E5-2EC6-4155-8F21-A163AE3FC998}"
EndProject
Project("{FAE04EC0-301F-11D3-BF4B-00C04F79EFBC}") = "OpenClosed", "OpenClosed\OpenClosed.csproj", "{F68FF4E6-26D6-4717-874F-DDF11B226825}"
EndProject
Project("{FAE04EC0-301F-11D3-BF4B-00C04F79EFBC}") = "LiskovPrinciple", "LiskovPrinciple\LiskovPrinciple.csproj", "{67F1747D-9EB5-4A72-991F-7D4D83EB3AF1}"
EndProject
Project("{FAE04EC0-301F-11D3-BF4B-00C04F79EFBC}") = "SegregationPrinciple", "SegregationPrinciple\SegregationPrinciple.csproj", "{D051FE99-2BC3-4A6B-8813-82BE9444DE2B}"
EndProject
Project("{FAE04EC0-301F-11D3-BF4B-00C04F79EFBC}") = "DependencyInversion", "DependencyInversion\DependencyInversion.csproj", "{2F0303D8-02AA-49A8-A1D1-0F335EBD6070}"
EndProject
Project("{FAE04EC0-301F-11D3-BF4B-00C04F79EFBC}") = "Builder", "Builder\Builder.csproj", "{040BB527-06C9-496C-ACE0-AA6B59E3D0AA}"
EndProject
Project("{FAE04EC0-301F-11D3-BF4B-00C04F79EFBC}") = "FluentBuilderInheritance", "FluentBuilderInheritance\FluentBuilderInheritance.csproj", "{247B5C65-5B78-4AE4-90EB-B50C7E6EF7E5}"
EndProject
Project("{FAE04EC0-301F-11D3-BF4B-00C04F79EFBC}") = "FacetedBuilder", "FacetedBuilder\FacetedBuilder.csproj", "{B982BA90-7679-485E-9D4A-5F1D5A0BB73D}"
EndProject
Project("{FAE04EC0-301F-11D3-BF4B-00C04F79EFBC}") = "CodeBuilder", "CodeBuilder\CodeBuilder.csproj", "{4AB8320C-E543-4912-97EC-E0983A49419F}"
EndProject
Project("{FAE04EC0-301F-11D3-BF4B-00C04F79EFBC}") = "FactoryMethod", "FactoryMethod\FactoryMethod.csproj", "{54865475-B22B-469D-B75E-B1602D5CFBC2}"
EndProject
Project("{FAE04EC0-301F-11D3-BF4B-00C04F79EFBC}") = "Factory", "Factory\Factory.csproj", "{93189719-FB13-48E6-8DEC-05107B48211A}"
EndProject
Project("{FAE04EC0-301F-11D3-BF4B-00C04F79EFBC}") = "InnerFactory", "InnerFactory\InnerFactory.csproj", "{787402BF-8349-4A49-9108-DCFAE42EB017}"
EndProject
Project("{FAE04EC0-301F-11D3-BF4B-00C04F79EFBC}") = "AbstractFactory", "AbstractFactory\AbstractFactory.csproj", "{A8F6F1CE-17EC-41B7-B9FE-2414227F2422}"
EndProject
Project("{FAE04EC0-301F-11D3-BF4B-00C04F79EFBC}") = "AbstractFactoryOcp", "AbstractFactoryOcp\AbstractFactoryOcp.csproj", "{CE87B878-1367-4C86-8332-6E1073751EBE}"
EndProject
Project("{FAE04EC0-301F-11D3-BF4B-00C04F79EFBC}") = "FactoryCodingExercise", "FactoryCodingExercise\FactoryCodingExercise.csproj", "{D04426F4-60E4-4BA1-BE75-38ACC6CE848E}"
EndProject
Project("{FAE04EC0-301F-11D3-BF4B-00C04F79EFBC}") = "Prototyping", "Prototyping\Prototyping.csproj", "{6083665B-0C21-4C16-89F3-C6BAA5B12DE2}"
EndProject
Project("{FAE04EC0-301F-11D3-BF4B-00C04F79EFBC}") = "PrototypeInterface", "PrototypeInterface\PrototypeInterface.csproj", "{23268BB8-7173-4C4C-8FCD-719A7BAFD6F8}"
EndProject
Project("{FAE04EC0-301F-11D3-BF4B-00C04F79EFBC}") = "PrototypeSerialization", "PrototypeSerialization\PrototypeSerialization.csproj", "{262207B7-0054-4B3F-9A20-CE3B55B8F928}"
EndProject
Project("{FAE04EC0-301F-11D3-BF4B-00C04F79EFBC}") = "PrototypeCodingExercise", "PrototypeCodingExercise\PrototypeCodingExercise.csproj", "{09C38DAF-4191-4866-B85E-CEAAFA227C75}"
EndProject
Project("{FAE04EC0-301F-11D3-BF4B-00C04F79EFBC}") = "Singleton", "Singleton\Singleton.csproj", "{3C3B866A-C54C-4622-9595-974556B150E9}"
EndProject
Project("{FAE04EC0-301F-11D3-BF4B-00C04F79EFBC}") = "SingletonMonostate", "SingletonMonostate\SingletonMonostate.csproj", "{B8287BFC-4B1E-480B-AB3E-D41543E166E8}"
EndProject
Global
	GlobalSection(SolutionConfigurationPlatforms) = preSolution
		Debug|Any CPU = Debug|Any CPU
		Release|Any CPU = Release|Any CPU
	EndGlobalSection
	GlobalSection(ProjectConfigurationPlatforms) = postSolution
		{A4BEF7E5-2EC6-4155-8F21-A163AE3FC998}.Debug|Any CPU.ActiveCfg = Debug|Any CPU
		{A4BEF7E5-2EC6-4155-8F21-A163AE3FC998}.Debug|Any CPU.Build.0 = Debug|Any CPU
		{A4BEF7E5-2EC6-4155-8F21-A163AE3FC998}.Release|Any CPU.ActiveCfg = Release|Any CPU
		{A4BEF7E5-2EC6-4155-8F21-A163AE3FC998}.Release|Any CPU.Build.0 = Release|Any CPU
		{F68FF4E6-26D6-4717-874F-DDF11B226825}.Debug|Any CPU.ActiveCfg = Debug|Any CPU
		{F68FF4E6-26D6-4717-874F-DDF11B226825}.Debug|Any CPU.Build.0 = Debug|Any CPU
		{F68FF4E6-26D6-4717-874F-DDF11B226825}.Release|Any CPU.ActiveCfg = Release|Any CPU
		{F68FF4E6-26D6-4717-874F-DDF11B226825}.Release|Any CPU.Build.0 = Release|Any CPU
		{67F1747D-9EB5-4A72-991F-7D4D83EB3AF1}.Debug|Any CPU.ActiveCfg = Debug|Any CPU
		{67F1747D-9EB5-4A72-991F-7D4D83EB3AF1}.Debug|Any CPU.Build.0 = Debug|Any CPU
		{67F1747D-9EB5-4A72-991F-7D4D83EB3AF1}.Release|Any CPU.ActiveCfg = Release|Any CPU
		{67F1747D-9EB5-4A72-991F-7D4D83EB3AF1}.Release|Any CPU.Build.0 = Release|Any CPU
		{D051FE99-2BC3-4A6B-8813-82BE9444DE2B}.Debug|Any CPU.ActiveCfg = Debug|Any CPU
		{D051FE99-2BC3-4A6B-8813-82BE9444DE2B}.Debug|Any CPU.Build.0 = Debug|Any CPU
		{D051FE99-2BC3-4A6B-8813-82BE9444DE2B}.Release|Any CPU.ActiveCfg = Release|Any CPU
		{D051FE99-2BC3-4A6B-8813-82BE9444DE2B}.Release|Any CPU.Build.0 = Release|Any CPU
		{2F0303D8-02AA-49A8-A1D1-0F335EBD6070}.Debug|Any CPU.ActiveCfg = Debug|Any CPU
		{2F0303D8-02AA-49A8-A1D1-0F335EBD6070}.Debug|Any CPU.Build.0 = Debug|Any CPU
		{2F0303D8-02AA-49A8-A1D1-0F335EBD6070}.Release|Any CPU.ActiveCfg = Release|Any CPU
		{2F0303D8-02AA-49A8-A1D1-0F335EBD6070}.Release|Any CPU.Build.0 = Release|Any CPU
		{040BB527-06C9-496C-ACE0-AA6B59E3D0AA}.Debug|Any CPU.ActiveCfg = Debug|Any CPU
		{040BB527-06C9-496C-ACE0-AA6B59E3D0AA}.Debug|Any CPU.Build.0 = Debug|Any CPU
		{040BB527-06C9-496C-ACE0-AA6B59E3D0AA}.Release|Any CPU.ActiveCfg = Release|Any CPU
		{040BB527-06C9-496C-ACE0-AA6B59E3D0AA}.Release|Any CPU.Build.0 = Release|Any CPU
		{247B5C65-5B78-4AE4-90EB-B50C7E6EF7E5}.Debug|Any CPU.ActiveCfg = Debug|Any CPU
		{247B5C65-5B78-4AE4-90EB-B50C7E6EF7E5}.Debug|Any CPU.Build.0 = Debug|Any CPU
		{247B5C65-5B78-4AE4-90EB-B50C7E6EF7E5}.Release|Any CPU.ActiveCfg = Release|Any CPU
		{247B5C65-5B78-4AE4-90EB-B50C7E6EF7E5}.Release|Any CPU.Build.0 = Release|Any CPU
		{B982BA90-7679-485E-9D4A-5F1D5A0BB73D}.Debug|Any CPU.ActiveCfg = Debug|Any CPU
		{B982BA90-7679-485E-9D4A-5F1D5A0BB73D}.Debug|Any CPU.Build.0 = Debug|Any CPU
		{B982BA90-7679-485E-9D4A-5F1D5A0BB73D}.Release|Any CPU.ActiveCfg = Release|Any CPU
		{B982BA90-7679-485E-9D4A-5F1D5A0BB73D}.Release|Any CPU.Build.0 = Release|Any CPU
		{4AB8320C-E543-4912-97EC-E0983A49419F}.Debug|Any CPU.ActiveCfg = Debug|Any CPU
		{4AB8320C-E543-4912-97EC-E0983A49419F}.Debug|Any CPU.Build.0 = Debug|Any CPU
		{4AB8320C-E543-4912-97EC-E0983A49419F}.Release|Any CPU.ActiveCfg = Release|Any CPU
		{4AB8320C-E543-4912-97EC-E0983A49419F}.Release|Any CPU.Build.0 = Release|Any CPU
		{54865475-B22B-469D-B75E-B1602D5CFBC2}.Debug|Any CPU.ActiveCfg = Debug|Any CPU
		{54865475-B22B-469D-B75E-B1602D5CFBC2}.Debug|Any CPU.Build.0 = Debug|Any CPU
		{54865475-B22B-469D-B75E-B1602D5CFBC2}.Release|Any CPU.ActiveCfg = Release|Any CPU
		{54865475-B22B-469D-B75E-B1602D5CFBC2}.Release|Any CPU.Build.0 = Release|Any CPU
		{93189719-FB13-48E6-8DEC-05107B48211A}.Debug|Any CPU.ActiveCfg = Debug|Any CPU
		{93189719-FB13-48E6-8DEC-05107B48211A}.Debug|Any CPU.Build.0 = Debug|Any CPU
		{93189719-FB13-48E6-8DEC-05107B48211A}.Release|Any CPU.ActiveCfg = Release|Any CPU
		{93189719-FB13-48E6-8DEC-05107B48211A}.Release|Any CPU.Build.0 = Release|Any CPU
		{787402BF-8349-4A49-9108-DCFAE42EB017}.Debug|Any CPU.ActiveCfg = Debug|Any CPU
		{787402BF-8349-4A49-9108-DCFAE42EB017}.Debug|Any CPU.Build.0 = Debug|Any CPU
		{787402BF-8349-4A49-9108-DCFAE42EB017}.Release|Any CPU.ActiveCfg = Release|Any CPU
		{787402BF-8349-4A49-9108-DCFAE42EB017}.Release|Any CPU.Build.0 = Release|Any CPU
		{A8F6F1CE-17EC-41B7-B9FE-2414227F2422}.Debug|Any CPU.ActiveCfg = Debug|Any CPU
		{A8F6F1CE-17EC-41B7-B9FE-2414227F2422}.Debug|Any CPU.Build.0 = Debug|Any CPU
		{A8F6F1CE-17EC-41B7-B9FE-2414227F2422}.Release|Any CPU.ActiveCfg = Release|Any CPU
		{A8F6F1CE-17EC-41B7-B9FE-2414227F2422}.Release|Any CPU.Build.0 = Release|Any CPU
		{CE87B878-1367-4C86-8332-6E1073751EBE}.Debug|Any CPU.ActiveCfg = Debug|Any CPU
		{CE87B878-1367-4C86-8332-6E1073751EBE}.Debug|Any CPU.Build.0 = Debug|Any CPU
		{CE87B878-1367-4C86-8332-6E1073751EBE}.Release|Any CPU.ActiveCfg = Release|Any CPU
		{CE87B878-1367-4C86-8332-6E1073751EBE}.Release|Any CPU.Build.0 = Release|Any CPU
		{D04426F4-60E4-4BA1-BE75-38ACC6CE848E}.Debug|Any CPU.ActiveCfg = Debug|Any CPU
		{D04426F4-60E4-4BA1-BE75-38ACC6CE848E}.Debug|Any CPU.Build.0 = Debug|Any CPU
		{D04426F4-60E4-4BA1-BE75-38ACC6CE848E}.Release|Any CPU.ActiveCfg = Release|Any CPU
		{D04426F4-60E4-4BA1-BE75-38ACC6CE848E}.Release|Any CPU.Build.0 = Release|Any CPU
		{6083665B-0C21-4C16-89F3-C6BAA5B12DE2}.Debug|Any CPU.ActiveCfg = Debug|Any CPU
		{6083665B-0C21-4C16-89F3-C6BAA5B12DE2}.Debug|Any CPU.Build.0 = Debug|Any CPU
		{6083665B-0C21-4C16-89F3-C6BAA5B12DE2}.Release|Any CPU.ActiveCfg = Release|Any CPU
		{6083665B-0C21-4C16-89F3-C6BAA5B12DE2}.Release|Any CPU.Build.0 = Release|Any CPU
		{23268BB8-7173-4C4C-8FCD-719A7BAFD6F8}.Debug|Any CPU.ActiveCfg = Debug|Any CPU
		{23268BB8-7173-4C4C-8FCD-719A7BAFD6F8}.Debug|Any CPU.Build.0 = Debug|Any CPU
		{23268BB8-7173-4C4C-8FCD-719A7BAFD6F8}.Release|Any CPU.ActiveCfg = Release|Any CPU
		{23268BB8-7173-4C4C-8FCD-719A7BAFD6F8}.Release|Any CPU.Build.0 = Release|Any CPU
		{262207B7-0054-4B3F-9A20-CE3B55B8F928}.Debug|Any CPU.ActiveCfg = Debug|Any CPU
		{262207B7-0054-4B3F-9A20-CE3B55B8F928}.Debug|Any CPU.Build.0 = Debug|Any CPU
		{262207B7-0054-4B3F-9A20-CE3B55B8F928}.Release|Any CPU.ActiveCfg = Release|Any CPU
		{262207B7-0054-4B3F-9A20-CE3B55B8F928}.Release|Any CPU.Build.0 = Release|Any CPU
		{09C38DAF-4191-4866-B85E-CEAAFA227C75}.Debug|Any CPU.ActiveCfg = Debug|Any CPU
		{09C38DAF-4191-4866-B85E-CEAAFA227C75}.Debug|Any CPU.Build.0 = Debug|Any CPU
		{09C38DAF-4191-4866-B85E-CEAAFA227C75}.Release|Any CPU.ActiveCfg = Release|Any CPU
		{09C38DAF-4191-4866-B85E-CEAAFA227C75}.Release|Any CPU.Build.0 = Release|Any CPU
		{3C3B866A-C54C-4622-9595-974556B150E9}.Debug|Any CPU.ActiveCfg = Debug|Any CPU
		{3C3B866A-C54C-4622-9595-974556B150E9}.Debug|Any CPU.Build.0 = Debug|Any CPU
		{3C3B866A-C54C-4622-9595-974556B150E9}.Release|Any CPU.ActiveCfg = Release|Any CPU
		{3C3B866A-C54C-4622-9595-974556B150E9}.Release|Any CPU.Build.0 = Release|Any CPU
		{B8287BFC-4B1E-480B-AB3E-D41543E166E8}.Debug|Any CPU.ActiveCfg = Debug|Any CPU
		{B8287BFC-4B1E-480B-AB3E-D41543E166E8}.Debug|Any CPU.Build.0 = Debug|Any CPU
		{B8287BFC-4B1E-480B-AB3E-D41543E166E8}.Release|Any CPU.ActiveCfg = Release|Any CPU
		{B8287BFC-4B1E-480B-AB3E-D41543E166E8}.Release|Any CPU.Build.0 = Release|Any CPU
	EndGlobalSection
	GlobalSection(SolutionProperties) = preSolution
		HideSolutionNode = FALSE
	EndGlobalSection
	GlobalSection(ExtensibilityGlobals) = postSolution
		SolutionGuid = {8398DAE2-E502-4A36-9B9C-5DCA0E8B832A}
	EndGlobalSection
EndGlobal
