
Microsoft Visual Studio Solution File, Format Version 12.00
# Visual Studio 15
VisualStudioVersion = 15.0.28307.572
MinimumVisualStudioVersion = 10.0.40219.1
Project("{FAE04EC0-301F-11D3-BF4B-00C04F79EFBC}") = "LinqAndLambdas", "LinqAndLambdas\LinqAndLambdas.csproj", "{0530199E-6903-4F49-934A-F307EE3FADB3}"
EndProject
Project("{FAE04EC0-301F-11D3-BF4B-00C04F79EFBC}") = "Generics", "Generics\Generics.csproj", "{105B00E8-AF8B-4206-914D-5F7ECE29717C}"
EndProject
Project("{FAE04EC0-301F-11D3-BF4B-00C04F79EFBC}") = "Delegates", "Delegates\Delegates.csproj", "{FDD2D982-36B9-4051-984C-B420EABCECE1}"
EndProject
Global
	GlobalSection(SolutionConfigurationPlatforms) = preSolution
		Debug|Any CPU = Debug|Any CPU
		Release|Any CPU = Release|Any CPU
	EndGlobalSection
	GlobalSection(ProjectConfigurationPlatforms) = postSolution
		{0530199E-6903-4F49-934A-F307EE3FADB3}.Debug|Any CPU.ActiveCfg = Debug|Any CPU
		{0530199E-6903-4F49-934A-F307EE3FADB3}.Debug|Any CPU.Build.0 = Debug|Any CPU
		{0530199E-6903-4F49-934A-F307EE3FADB3}.Release|Any CPU.ActiveCfg = Release|Any CPU
		{0530199E-6903-4F49-934A-F307EE3FADB3}.Release|Any CPU.Build.0 = Release|Any CPU
		{105B00E8-AF8B-4206-914D-5F7ECE29717C}.Debug|Any CPU.ActiveCfg = Debug|Any CPU
		{105B00E8-AF8B-4206-914D-5F7ECE29717C}.Debug|Any CPU.Build.0 = Debug|Any CPU
		{105B00E8-AF8B-4206-914D-5F7ECE29717C}.Release|Any CPU.ActiveCfg = Release|Any CPU
		{105B00E8-AF8B-4206-914D-5F7ECE29717C}.Release|Any CPU.Build.0 = Release|Any CPU
		{FDD2D982-36B9-4051-984C-B420EABCECE1}.Debug|Any CPU.ActiveCfg = Debug|Any CPU
		{FDD2D982-36B9-4051-984C-B420EABCECE1}.Debug|Any CPU.Build.0 = Debug|Any CPU
		{FDD2D982-36B9-4051-984C-B420EABCECE1}.Release|Any CPU.ActiveCfg = Release|Any CPU
		{FDD2D982-36B9-4051-984C-B420EABCECE1}.Release|Any CPU.Build.0 = Release|Any CPU
	EndGlobalSection
	GlobalSection(SolutionProperties) = preSolution
		HideSolutionNode = FALSE
	EndGlobalSection
	GlobalSection(ExtensibilityGlobals) = postSolution
		SolutionGuid = {D042F717-5441-4B6E-835D-D7D9A7870C98}
	EndGlobalSection
EndGlobal
